
Microsoft Visual Studio Solution File, Format Version 12.00
# Visual Studio Version 17
VisualStudioVersion = 17.8.34309.116
MinimumVisualStudioVersion = 10.0.40219.1
Project("{8BC9CEB8-8B4A-11D0-8D11-00A0C91BC942}") = "Prueba_0", "Prueba_0\Prueba_0.vcxproj", "{5461636C-AEE4-4D55-972F-55076AE01088}"
EndProject
Global
	GlobalSection(SolutionConfigurationPlatforms) = preSolution
		Debug|x64 = Debug|x64
		Debug|x86 = Debug|x86
		Release|x64 = Release|x64
		Release|x86 = Release|x86
	EndGlobalSection
	GlobalSection(ProjectConfigurationPlatforms) = postSolution
		{5461636C-AEE4-4D55-972F-55076AE01088}.Debug|x64.ActiveCfg = Debug|x64
		{5461636C-AEE4-4D55-972F-55076AE01088}.Debug|x64.Build.0 = Debug|x64
		{5461636C-AEE4-4D55-972F-55076AE01088}.Debug|x86.ActiveCfg = Debug|Win32
		{5461636C-AEE4-4D55-972F-55076AE01088}.Debug|x86.Build.0 = Debug|Win32
		{5461636C-AEE4-4D55-972F-55076AE01088}.Release|x64.ActiveCfg = Release|x64
		{5461636C-AEE4-4D55-972F-55076AE01088}.Release|x64.Build.0 = Release|x64
		{5461636C-AEE4-4D55-972F-55076AE01088}.Release|x86.ActiveCfg = Release|Win32
		{5461636C-AEE4-4D55-972F-55076AE01088}.Release|x86.Build.0 = Release|Win32
	EndGlobalSection
	GlobalSection(SolutionProperties) = preSolution
		HideSolutionNode = FALSE
	EndGlobalSection
	GlobalSection(ExtensibilityGlobals) = postSolution
		SolutionGuid = {276BD50F-77EE-46FF-B62B-2B088E60A6A2}
	EndGlobalSection
EndGlobal
