
Microsoft Visual Studio Solution File, Format Version 12.00
<<<<<<< HEAD
# Visual Studio Version 16
VisualStudioVersion = 16.0.33801.447
MinimumVisualStudioVersion = 10.0.40219.1
Project("{8BC9CEB8-8B4A-11D0-8D11-00A0C91BC942}") = "ConsoleApplication4", "ConsoleApplication4.vcxproj", "{17AC963D-AAD6-4523-943F-E6CC2485947B}"
=======
# Visual Studio Version 17
VisualStudioVersion = 17.7.34031.279
MinimumVisualStudioVersion = 10.0.40219.1
Project("{8BC9CEB8-8B4A-11D0-8D11-00A0C91BC942}") = "ConsoleApplication4", "ConsoleApplication4\ConsoleApplication4.vcxproj", "{D0DBC450-4432-4753-8F1F-ACB064011281}"
>>>>>>> 1be36fe11539bf85ba7f7a0f133610c694400fb8
EndProject
Global
	GlobalSection(SolutionConfigurationPlatforms) = preSolution
		Debug|x64 = Debug|x64
		Debug|x86 = Debug|x86
		Release|x64 = Release|x64
		Release|x86 = Release|x86
	EndGlobalSection
	GlobalSection(ProjectConfigurationPlatforms) = postSolution
<<<<<<< HEAD
		{17AC963D-AAD6-4523-943F-E6CC2485947B}.Debug|x64.ActiveCfg = Debug|x64
		{17AC963D-AAD6-4523-943F-E6CC2485947B}.Debug|x64.Build.0 = Debug|x64
		{17AC963D-AAD6-4523-943F-E6CC2485947B}.Debug|x86.ActiveCfg = Debug|Win32
		{17AC963D-AAD6-4523-943F-E6CC2485947B}.Debug|x86.Build.0 = Debug|Win32
		{17AC963D-AAD6-4523-943F-E6CC2485947B}.Release|x64.ActiveCfg = Release|x64
		{17AC963D-AAD6-4523-943F-E6CC2485947B}.Release|x64.Build.0 = Release|x64
		{17AC963D-AAD6-4523-943F-E6CC2485947B}.Release|x86.ActiveCfg = Release|Win32
		{17AC963D-AAD6-4523-943F-E6CC2485947B}.Release|x86.Build.0 = Release|Win32
=======
		{D0DBC450-4432-4753-8F1F-ACB064011281}.Debug|x64.ActiveCfg = Debug|x64
		{D0DBC450-4432-4753-8F1F-ACB064011281}.Debug|x64.Build.0 = Debug|x64
		{D0DBC450-4432-4753-8F1F-ACB064011281}.Debug|x86.ActiveCfg = Debug|Win32
		{D0DBC450-4432-4753-8F1F-ACB064011281}.Debug|x86.Build.0 = Debug|Win32
		{D0DBC450-4432-4753-8F1F-ACB064011281}.Release|x64.ActiveCfg = Release|x64
		{D0DBC450-4432-4753-8F1F-ACB064011281}.Release|x64.Build.0 = Release|x64
		{D0DBC450-4432-4753-8F1F-ACB064011281}.Release|x86.ActiveCfg = Release|Win32
		{D0DBC450-4432-4753-8F1F-ACB064011281}.Release|x86.Build.0 = Release|Win32
>>>>>>> 1be36fe11539bf85ba7f7a0f133610c694400fb8
	EndGlobalSection
	GlobalSection(SolutionProperties) = preSolution
		HideSolutionNode = FALSE
	EndGlobalSection
	GlobalSection(ExtensibilityGlobals) = postSolution
<<<<<<< HEAD
		SolutionGuid = {C3E83D05-7D25-4836-A483-E3D169D2F481}
=======
		SolutionGuid = {BE9EDF83-D8EF-4E82-800A-E8AAC0CB5B5F}
>>>>>>> 1be36fe11539bf85ba7f7a0f133610c694400fb8
	EndGlobalSection
EndGlobal
