
Microsoft Visual Studio Solution File, Format Version 12.00
# Visual Studio Version 16
VisualStudioVersion = 16.0.33801.447
MinimumVisualStudioVersion = 10.0.40219.1
Project("{8BC9CEB8-8B4A-11D0-8D11-00A0C91BC942}") = "P00_EControl_V0", "P00_EControl_V0.vcxproj", "{487C83EA-3EF2-4DC7-9BEE-71FE65B7353D}"
EndProject
Global
	GlobalSection(SolutionConfigurationPlatforms) = preSolution
		Debug|x64 = Debug|x64
		Debug|x86 = Debug|x86
		Release|x64 = Release|x64
		Release|x86 = Release|x86
	EndGlobalSection
	GlobalSection(ProjectConfigurationPlatforms) = postSolution
		{487C83EA-3EF2-4DC7-9BEE-71FE65B7353D}.Debug|x64.ActiveCfg = Debug|x64
		{487C83EA-3EF2-4DC7-9BEE-71FE65B7353D}.Debug|x64.Build.0 = Debug|x64
		{487C83EA-3EF2-4DC7-9BEE-71FE65B7353D}.Debug|x86.ActiveCfg = Debug|Win32
		{487C83EA-3EF2-4DC7-9BEE-71FE65B7353D}.Debug|x86.Build.0 = Debug|Win32
		{487C83EA-3EF2-4DC7-9BEE-71FE65B7353D}.Release|x64.ActiveCfg = Release|x64
		{487C83EA-3EF2-4DC7-9BEE-71FE65B7353D}.Release|x64.Build.0 = Release|x64
		{487C83EA-3EF2-4DC7-9BEE-71FE65B7353D}.Release|x86.ActiveCfg = Release|Win32
		{487C83EA-3EF2-4DC7-9BEE-71FE65B7353D}.Release|x86.Build.0 = Release|Win32
	EndGlobalSection
	GlobalSection(SolutionProperties) = preSolution
		HideSolutionNode = FALSE
	EndGlobalSection
	GlobalSection(ExtensibilityGlobals) = postSolution
		SolutionGuid = {46207A95-F6B8-4110-934B-09E2F5C46199}
	EndGlobalSection
EndGlobal
